
Microsoft Visual Studio Solution File, Format Version 12.00
# Visual Studio Version 17
VisualStudioVersion = 17.0.31919.166
MinimumVisualStudioVersion = 10.0.40219.1
Project("{FAE04EC0-301F-11D3-BF4B-00C04F79EFBC}") = "Liqpay.Net", "Liqpay.Net\Liqpay.Net.csproj", "{FED77CDD-7A35-479D-BAA3-18E24A8A80A9}"
EndProject
Global
	GlobalSection(SolutionConfigurationPlatforms) = preSolution
		Debug|Any CPU = Debug|Any CPU
		Release|Any CPU = Release|Any CPU
	EndGlobalSection
	GlobalSection(ProjectConfigurationPlatforms) = postSolution
		{FED77CDD-7A35-479D-BAA3-18E24A8A80A9}.Debug|Any CPU.ActiveCfg = Debug|Any CPU
		{FED77CDD-7A35-479D-BAA3-18E24A8A80A9}.Debug|Any CPU.Build.0 = Debug|Any CPU
		{FED77CDD-7A35-479D-BAA3-18E24A8A80A9}.Release|Any CPU.ActiveCfg = Release|Any CPU
		{FED77CDD-7A35-479D-BAA3-18E24A8A80A9}.Release|Any CPU.Build.0 = Release|Any CPU
	EndGlobalSection
	GlobalSection(SolutionProperties) = preSolution
		HideSolutionNode = FALSE
	EndGlobalSection
	GlobalSection(ExtensibilityGlobals) = postSolution
		SolutionGuid = {D21600B9-3422-4A3F-91DC-6209603554C6}
	EndGlobalSection
EndGlobal
